
Microsoft Visual Studio Solution File, Format Version 12.00
# Visual Studio Version 16
VisualStudioVersion = 16.0.30621.155
MinimumVisualStudioVersion = 10.0.40219.1
Project("{FAE04EC0-301F-11D3-BF4B-00C04F79EFBC}") = "RockPaperScissors", "RockPaperScissors.csproj", "{9FE483F9-CD64-4A18-A185-6CF963DE9192}"
EndProject
Global
	GlobalSection(SolutionConfigurationPlatforms) = preSolution
		Debug|Any CPU = Debug|Any CPU
		Release|Any CPU = Release|Any CPU
	EndGlobalSection
	GlobalSection(ProjectConfigurationPlatforms) = postSolution
		{9FE483F9-CD64-4A18-A185-6CF963DE9192}.Debug|Any CPU.ActiveCfg = Debug|Any CPU
		{9FE483F9-CD64-4A18-A185-6CF963DE9192}.Debug|Any CPU.Build.0 = Debug|Any CPU
		{9FE483F9-CD64-4A18-A185-6CF963DE9192}.Release|Any CPU.ActiveCfg = Release|Any CPU
		{9FE483F9-CD64-4A18-A185-6CF963DE9192}.Release|Any CPU.Build.0 = Release|Any CPU
	EndGlobalSection
	GlobalSection(SolutionProperties) = preSolution
		HideSolutionNode = FALSE
	EndGlobalSection
	GlobalSection(ExtensibilityGlobals) = postSolution
		SolutionGuid = {069B55FB-C529-4C34-8B85-9B5F3B95BE5C}
	EndGlobalSection
EndGlobal
